
Microsoft Visual Studio Solution File, Format Version 12.00
# Visual Studio Version 17
VisualStudioVersion = 17.14.36221.1 d17.14
MinimumVisualStudioVersion = 10.0.40219.1
Project("{FAE04EC0-301F-11D3-BF4B-00C04F79EFBC}") = "bankAccount", "bankAccount\bankAccount.csproj", "{001F89B1-C44C-48C0-BD8E-701C0F947FCA}"
EndProject
Global
	GlobalSection(SolutionConfigurationPlatforms) = preSolution
		Debug|Any CPU = Debug|Any CPU
		Release|Any CPU = Release|Any CPU
	EndGlobalSection
	GlobalSection(ProjectConfigurationPlatforms) = postSolution
		{001F89B1-C44C-48C0-BD8E-701C0F947FCA}.Debug|Any CPU.ActiveCfg = Debug|Any CPU
		{001F89B1-C44C-48C0-BD8E-701C0F947FCA}.Debug|Any CPU.Build.0 = Debug|Any CPU
		{001F89B1-C44C-48C0-BD8E-701C0F947FCA}.Release|Any CPU.ActiveCfg = Release|Any CPU
		{001F89B1-C44C-48C0-BD8E-701C0F947FCA}.Release|Any CPU.Build.0 = Release|Any CPU
	EndGlobalSection
	GlobalSection(SolutionProperties) = preSolution
		HideSolutionNode = FALSE
	EndGlobalSection
	GlobalSection(ExtensibilityGlobals) = postSolution
		SolutionGuid = {EE577DAC-9799-48FA-A002-4E114DA27C4A}
	EndGlobalSection
EndGlobal
